
Microsoft Visual Studio Solution File, Format Version 12.00
# Visual Studio Version 16
VisualStudioVersion = 16.0.28922.388
MinimumVisualStudioVersion = 10.0.40219.1
Project("{FAE04EC0-301F-11D3-BF4B-00C04F79EFBC}") = "ToDoList", "ToDoList\ToDoList.csproj", "{8CD04D95-7FE9-4918-BD4A-AB4F764AA020}"
EndProject
Global
	GlobalSection(SolutionConfigurationPlatforms) = preSolution
		Debug|Any CPU = Debug|Any CPU
		Release|Any CPU = Release|Any CPU
	EndGlobalSection
	GlobalSection(ProjectConfigurationPlatforms) = postSolution
		{8CD04D95-7FE9-4918-BD4A-AB4F764AA020}.Debug|Any CPU.ActiveCfg = Debug|Any CPU
		{8CD04D95-7FE9-4918-BD4A-AB4F764AA020}.Debug|Any CPU.Build.0 = Debug|Any CPU
		{8CD04D95-7FE9-4918-BD4A-AB4F764AA020}.Release|Any CPU.ActiveCfg = Release|Any CPU
		{8CD04D95-7FE9-4918-BD4A-AB4F764AA020}.Release|Any CPU.Build.0 = Release|Any CPU
	EndGlobalSection
	GlobalSection(SolutionProperties) = preSolution
		HideSolutionNode = FALSE
	EndGlobalSection
	GlobalSection(ExtensibilityGlobals) = postSolution
		SolutionGuid = {90B6EAFE-57A2-4382-AF3B-D61099B720A9}
	EndGlobalSection
EndGlobal
